lockfileVersion: '6.0'

settings:
  autoInstallPeers: true
  excludeLinksFromLockfile: false

dependencies:
  vscode-html-languageservice:
    specifier: ^5.0.7
    version: 5.0.7

packages:

  /@vscode/l10n@0.0.16:
    resolution: {integrity: sha512-JT5CvrIYYCrmB+dCana8sUqJEcGB1ZDXNLMQ2+42bW995WmNoenijWMUdZfwmuQUTQcEVVIa2OecZzTYWUW9Cg==}
    dev: false

  /vscode-html-languageservice@5.0.7:
    resolution: {integrity: sha512-jX+7/kUXrdOaRT8vqYR/jLxrGDib+Far8I7n/A6apuEl88k+mhIHZPwc6ezuLeiCKUCaLG4b0dqFwjVa7QL3/w==}
    dependencies:
      '@vscode/l10n': 0.0.16
      vscode-languageserver-textdocument: 1.0.8
      vscode-languageserver-types: 3.17.3
      vscode-uri: 3.0.7
    dev: false

  /vscode-languageserver-textdocument@1.0.8:
    resolution: {integrity: sha512-1bonkGqQs5/fxGT5UchTgjGVnfysL0O8v1AYMBjqTbWQTFn721zaPGDYFkOKtfDgFiSgXM3KwaG3FMGfW4Ed9Q==}
    dev: false

  /vscode-languageserver-types@3.17.3:
    resolution: {integrity: sha512-SYU4z1dL0PyIMd4Vj8YOqFvHu7Hz/enbWtpfnVbJHU4Nd1YNYx8u0ennumc6h48GQNeOLxmwySmnADouT/AuZA==}
    dev: false

  /vscode-uri@3.0.7:
    resolution: {integrity: sha512-eOpPHogvorZRobNqJGhapa0JdwaxpjVvyBp0QIUMRMSf8ZAlqOdEquKuRmw9Qwu0qXtJIWqFtMkmvJjUZmMjVA==}
    dev: false
